
Microsoft Visual Studio Solution File, Format Version 12.00
# Visual Studio Version 17
VisualStudioVersion = 17.4.33213.308
MinimumVisualStudioVersion = 10.0.40219.1
Project("{9A19103F-16F7-4668-BE54-9A1E7A4F7556}") = "BookStoreB", "WebApplication1\BookStoreB.csproj", "{B206FB17-5097-4FB9-98EA-964EFB5C2E1B}"
EndProject
Project("{9A19103F-16F7-4668-BE54-9A1E7A4F7556}") = "BookStore.BL", "BookStore.BL\BookStore.BL.csproj", "{C3EA867B-E22C-42DD-A04D-FA288D8FF74E}"
EndProject
Project("{9A19103F-16F7-4668-BE54-9A1E7A4F7556}") = "BookStore.DL", "BookStore.DL\BookStore.DL.csproj", "{8B87FE5D-D8DD-466F-B110-09958303CEFD}"
EndProject
Project("{9A19103F-16F7-4668-BE54-9A1E7A4F7556}") = "BookStore.Models", "BookStore.Model\BookStore.Models.csproj", "{87F52087-2729-42F8-B1E7-499AE2FBE29F}"
EndProject
Global
	GlobalSection(SolutionConfigurationPlatforms) = preSolution
		Debug|Any CPU = Debug|Any CPU
		Release|Any CPU = Release|Any CPU
	EndGlobalSection
	GlobalSection(ProjectConfigurationPlatforms) = postSolution
		{B206FB17-5097-4FB9-98EA-964EFB5C2E1B}.Debug|Any CPU.ActiveCfg = Debug|Any CPU
		{B206FB17-5097-4FB9-98EA-964EFB5C2E1B}.Debug|Any CPU.Build.0 = Debug|Any CPU
		{B206FB17-5097-4FB9-98EA-964EFB5C2E1B}.Release|Any CPU.ActiveCfg = Release|Any CPU
		{B206FB17-5097-4FB9-98EA-964EFB5C2E1B}.Release|Any CPU.Build.0 = Release|Any CPU
		{C3EA867B-E22C-42DD-A04D-FA288D8FF74E}.Debug|Any CPU.ActiveCfg = Debug|Any CPU
		{C3EA867B-E22C-42DD-A04D-FA288D8FF74E}.Debug|Any CPU.Build.0 = Debug|Any CPU
		{C3EA867B-E22C-42DD-A04D-FA288D8FF74E}.Release|Any CPU.ActiveCfg = Release|Any CPU
		{C3EA867B-E22C-42DD-A04D-FA288D8FF74E}.Release|Any CPU.Build.0 = Release|Any CPU
		{8B87FE5D-D8DD-466F-B110-09958303CEFD}.Debug|Any CPU.ActiveCfg = Debug|Any CPU
		{8B87FE5D-D8DD-466F-B110-09958303CEFD}.Debug|Any CPU.Build.0 = Debug|Any CPU
		{8B87FE5D-D8DD-466F-B110-09958303CEFD}.Release|Any CPU.ActiveCfg = Release|Any CPU
		{8B87FE5D-D8DD-466F-B110-09958303CEFD}.Release|Any CPU.Build.0 = Release|Any CPU
		{87F52087-2729-42F8-B1E7-499AE2FBE29F}.Debug|Any CPU.ActiveCfg = Debug|Any CPU
		{87F52087-2729-42F8-B1E7-499AE2FBE29F}.Debug|Any CPU.Build.0 = Debug|Any CPU
		{87F52087-2729-42F8-B1E7-499AE2FBE29F}.Release|Any CPU.ActiveCfg = Release|Any CPU
		{87F52087-2729-42F8-B1E7-499AE2FBE29F}.Release|Any CPU.Build.0 = Release|Any CPU
	EndGlobalSection
	GlobalSection(SolutionProperties) = preSolution
		HideSolutionNode = FALSE
	EndGlobalSection
	GlobalSection(ExtensibilityGlobals) = postSolution
		SolutionGuid = {74760098-75E0-4AC1-9FFB-72492BF5A405}
	EndGlobalSection
EndGlobal
